{
  "name": "kuaizi-session",
  "version": "1.0.0",
  "lockfileVersion": 1,
  "requires": true,
  "dependencies": {
    "cookie": {
      "version": "0.4.1",
      "resolved": "https://registry.npm.taobao.org/cookie/download/cookie-0.4.1.tgz?cache=0&sync_timestamp=1587525873712&other_urls=https%3A%2F%2Fregistry.npm.taobao.org%2Fcookie%2Fdownload%2Fcookie-0.4.1.tgz",
      "integrity": "sha1-r9cT/ibr0hupXOth+agRblClN9E="
    },
    "simple-unique-string": {
      "version": "1.0.1",
      "resolved": "https://registry.npm.taobao.org/simple-unique-string/download/simple-unique-string-1.0.1.tgz",
      "integrity": "sha1-7+DkDh9aY+L45Nsr7GDRQDU+CjQ="
    }
  }
}
